
Microsoft Visual Studio Solution File, Format Version 12.00
# Visual Studio Version 16
VisualStudioVersion = 16.0.28803.156
MinimumVisualStudioVersion = 10.0.40219.1
Project("{FAE04EC0-301F-11D3-BF4B-00C04F79EFBC}") = "LunaNightsSave", "LunaNightsSave\LunaNightsSave.csproj", "{3BF2C486-36C7-4B8B-AFF6-8FB281194EB8}"
EndProject
Project("{9A19103F-16F7-4668-BE54-9A1E7A4F7556}") = "NightsSaveReader", "NightsSaveReader\NightsSaveReader.csproj", "{BB00722D-F900-4F7E-85F8-EB98F07F0774}"
EndProject
Project("{FAE04EC0-301F-11D3-BF4B-00C04F79EFBC}") = "LunaNightsDataWin", "LunaNightsDataWin\LunaNightsDataWin.csproj", "{48FD0D9F-A65D-4999-A9E0-6DF6A677BFEB}"
EndProject
Global
	GlobalSection(SolutionConfigurationPlatforms) = preSolution
		Debug|Any CPU = Debug|Any CPU
		Release|Any CPU = Release|Any CPU
	EndGlobalSection
	GlobalSection(ProjectConfigurationPlatforms) = postSolution
		{3BF2C486-36C7-4B8B-AFF6-8FB281194EB8}.Debug|Any CPU.ActiveCfg = Debug|Any CPU
		{3BF2C486-36C7-4B8B-AFF6-8FB281194EB8}.Debug|Any CPU.Build.0 = Debug|Any CPU
		{3BF2C486-36C7-4B8B-AFF6-8FB281194EB8}.Release|Any CPU.ActiveCfg = Release|Any CPU
		{3BF2C486-36C7-4B8B-AFF6-8FB281194EB8}.Release|Any CPU.Build.0 = Release|Any CPU
		{BB00722D-F900-4F7E-85F8-EB98F07F0774}.Debug|Any CPU.ActiveCfg = Debug|Any CPU
		{BB00722D-F900-4F7E-85F8-EB98F07F0774}.Debug|Any CPU.Build.0 = Debug|Any CPU
		{BB00722D-F900-4F7E-85F8-EB98F07F0774}.Release|Any CPU.ActiveCfg = Release|Any CPU
		{BB00722D-F900-4F7E-85F8-EB98F07F0774}.Release|Any CPU.Build.0 = Release|Any CPU
		{48FD0D9F-A65D-4999-A9E0-6DF6A677BFEB}.Debug|Any CPU.ActiveCfg = Debug|Any CPU
		{48FD0D9F-A65D-4999-A9E0-6DF6A677BFEB}.Debug|Any CPU.Build.0 = Debug|Any CPU
		{48FD0D9F-A65D-4999-A9E0-6DF6A677BFEB}.Release|Any CPU.ActiveCfg = Release|Any CPU
		{48FD0D9F-A65D-4999-A9E0-6DF6A677BFEB}.Release|Any CPU.Build.0 = Release|Any CPU
	EndGlobalSection
	GlobalSection(SolutionProperties) = preSolution
		HideSolutionNode = FALSE
	EndGlobalSection
	GlobalSection(ExtensibilityGlobals) = postSolution
		SolutionGuid = {5B8009D8-8DD5-4019-9D3C-0049AFA5C5D6}
	EndGlobalSection
EndGlobal
